
Microsoft Visual Studio Solution File, Format Version 12.00
# Visual Studio Version 16
VisualStudioVersion = 16.0.29409.12
MinimumVisualStudioVersion = 10.0.40219.1
Project("{FAE04EC0-301F-11D3-BF4B-00C04F79EFBC}") = "NicholasLeo.Homework.Models", "NicholasLeo.Homework.Models\NicholasLeo.Homework.Models.csproj", "{F206D6BB-394A-4A8B-82CE-4E04C6F6D689}"
EndProject
Project("{FAE04EC0-301F-11D3-BF4B-00C04F79EFBC}") = "NicholasLeo.Homework.Interfaces", "NicholasLeo.Homework.Interfaces\NicholasLeo.Homework.Interfaces.csproj", "{1F496712-364F-4E04-ACE5-A8FCE9582F44}"
EndProject
Project("{FAE04EC0-301F-11D3-BF4B-00C04F79EFBC}") = "NicholasLeo.Homework.Common", "NicholasLeo.Homework.Commond\NicholasLeo.Homework.Common.csproj", "{D0E5AF96-C2F0-4823-8E29-A39E7EF1BF68}"
EndProject
Project("{FAE04EC0-301F-11D3-BF4B-00C04F79EFBC}") = "NicholasLeo.Homework.Services", "NicholasLeo.Homework.Services\NicholasLeo.Homework.Services.csproj", "{C740971E-BE97-4ED5-85D6-E6BFBAC40AAC}"
EndProject
Project("{FAE04EC0-301F-11D3-BF4B-00C04F79EFBC}") = "NicholasLeo.Homework.ConsoleMain", "NicholasLeo.Homework.ConsoleMain\NicholasLeo.Homework.ConsoleMain.csproj", "{FE966C32-AA88-48A1-B729-7B10CA86C906}"
EndProject
Global
	GlobalSection(SolutionConfigurationPlatforms) = preSolution
		Debug|Any CPU = Debug|Any CPU
		Release|Any CPU = Release|Any CPU
	EndGlobalSection
	GlobalSection(ProjectConfigurationPlatforms) = postSolution
		{F206D6BB-394A-4A8B-82CE-4E04C6F6D689}.Debug|Any CPU.ActiveCfg = Debug|Any CPU
		{F206D6BB-394A-4A8B-82CE-4E04C6F6D689}.Debug|Any CPU.Build.0 = Debug|Any CPU
		{F206D6BB-394A-4A8B-82CE-4E04C6F6D689}.Release|Any CPU.ActiveCfg = Release|Any CPU
		{F206D6BB-394A-4A8B-82CE-4E04C6F6D689}.Release|Any CPU.Build.0 = Release|Any CPU
		{1F496712-364F-4E04-ACE5-A8FCE9582F44}.Debug|Any CPU.ActiveCfg = Debug|Any CPU
		{1F496712-364F-4E04-ACE5-A8FCE9582F44}.Debug|Any CPU.Build.0 = Debug|Any CPU
		{1F496712-364F-4E04-ACE5-A8FCE9582F44}.Release|Any CPU.ActiveCfg = Release|Any CPU
		{1F496712-364F-4E04-ACE5-A8FCE9582F44}.Release|Any CPU.Build.0 = Release|Any CPU
		{D0E5AF96-C2F0-4823-8E29-A39E7EF1BF68}.Debug|Any CPU.ActiveCfg = Debug|Any CPU
		{D0E5AF96-C2F0-4823-8E29-A39E7EF1BF68}.Debug|Any CPU.Build.0 = Debug|Any CPU
		{D0E5AF96-C2F0-4823-8E29-A39E7EF1BF68}.Release|Any CPU.ActiveCfg = Release|Any CPU
		{D0E5AF96-C2F0-4823-8E29-A39E7EF1BF68}.Release|Any CPU.Build.0 = Release|Any CPU
		{C740971E-BE97-4ED5-85D6-E6BFBAC40AAC}.Debug|Any CPU.ActiveCfg = Debug|Any CPU
		{C740971E-BE97-4ED5-85D6-E6BFBAC40AAC}.Debug|Any CPU.Build.0 = Debug|Any CPU
		{C740971E-BE97-4ED5-85D6-E6BFBAC40AAC}.Release|Any CPU.ActiveCfg = Release|Any CPU
		{C740971E-BE97-4ED5-85D6-E6BFBAC40AAC}.Release|Any CPU.Build.0 = Release|Any CPU
		{FE966C32-AA88-48A1-B729-7B10CA86C906}.Debug|Any CPU.ActiveCfg = Debug|Any CPU
		{FE966C32-AA88-48A1-B729-7B10CA86C906}.Debug|Any CPU.Build.0 = Debug|Any CPU
		{FE966C32-AA88-48A1-B729-7B10CA86C906}.Release|Any CPU.ActiveCfg = Release|Any CPU
		{FE966C32-AA88-48A1-B729-7B10CA86C906}.Release|Any CPU.Build.0 = Release|Any CPU
	EndGlobalSection
	GlobalSection(SolutionProperties) = preSolution
		HideSolutionNode = FALSE
	EndGlobalSection
	GlobalSection(ExtensibilityGlobals) = postSolution
		SolutionGuid = {11F03597-806C-4FA8-9923-6297A3C4647A}
	EndGlobalSection
EndGlobal
